
Microsoft Visual Studio Solution File, Format Version 12.00
# Visual Studio Version 17
VisualStudioVersion = 17.7.34221.43
MinimumVisualStudioVersion = 10.0.40219.1
Project("{9A19103F-16F7-4668-BE54-9A1E7A4F7556}") = "Classes", "Classes\Classes.csproj", "{10B65FC9-3432-4756-9A4B-C4F5028A2D39}"
EndProject
Project("{9A19103F-16F7-4668-BE54-9A1E7A4F7556}") = "Casting", "Casting\Casting.csproj", "{14DBB26F-AD9F-4EE3-9A39-0A9F08681FD1}"
EndProject
Project("{FAE04EC0-301F-11D3-BF4B-00C04F79EFBC}") = "FoodShowHomework", "FoodShowHomework\FoodShowHomework.csproj", "{BD7FBC55-84C5-4DA0-9ACC-718E033E7AC7}"
EndProject
Global
	GlobalSection(SolutionConfigurationPlatforms) = preSolution
		Debug|Any CPU = Debug|Any CPU
		Release|Any CPU = Release|Any CPU
	EndGlobalSection
	GlobalSection(ProjectConfigurationPlatforms) = postSolution
		{10B65FC9-3432-4756-9A4B-C4F5028A2D39}.Debug|Any CPU.ActiveCfg = Debug|Any CPU
		{10B65FC9-3432-4756-9A4B-C4F5028A2D39}.Debug|Any CPU.Build.0 = Debug|Any CPU
		{10B65FC9-3432-4756-9A4B-C4F5028A2D39}.Release|Any CPU.ActiveCfg = Release|Any CPU
		{10B65FC9-3432-4756-9A4B-C4F5028A2D39}.Release|Any CPU.Build.0 = Release|Any CPU
		{14DBB26F-AD9F-4EE3-9A39-0A9F08681FD1}.Debug|Any CPU.ActiveCfg = Debug|Any CPU
		{14DBB26F-AD9F-4EE3-9A39-0A9F08681FD1}.Debug|Any CPU.Build.0 = Debug|Any CPU
		{14DBB26F-AD9F-4EE3-9A39-0A9F08681FD1}.Release|Any CPU.ActiveCfg = Release|Any CPU
		{14DBB26F-AD9F-4EE3-9A39-0A9F08681FD1}.Release|Any CPU.Build.0 = Release|Any CPU
		{BD7FBC55-84C5-4DA0-9ACC-718E033E7AC7}.Debug|Any CPU.ActiveCfg = Debug|Any CPU
		{BD7FBC55-84C5-4DA0-9ACC-718E033E7AC7}.Debug|Any CPU.Build.0 = Debug|Any CPU
		{BD7FBC55-84C5-4DA0-9ACC-718E033E7AC7}.Release|Any CPU.ActiveCfg = Release|Any CPU
		{BD7FBC55-84C5-4DA0-9ACC-718E033E7AC7}.Release|Any CPU.Build.0 = Release|Any CPU
	EndGlobalSection
	GlobalSection(SolutionProperties) = preSolution
		HideSolutionNode = FALSE
	EndGlobalSection
	GlobalSection(ExtensibilityGlobals) = postSolution
		SolutionGuid = {43998280-827A-41F3-9BA1-B00E14D86192}
	EndGlobalSection
EndGlobal
