
Microsoft Visual Studio Solution File, Format Version 12.00
# Visual Studio Version 17
VisualStudioVersion = 17.7.34221.43
MinimumVisualStudioVersion = 10.0.40219.1
Project("{9A19103F-16F7-4668-BE54-9A1E7A4F7556}") = "Variables", "Variables\Variables.csproj", "{AC1AFF34-A49A-4DCB-8FE6-5C11773093F4}"
EndProject
Project("{9A19103F-16F7-4668-BE54-9A1E7A4F7556}") = "StringManipulation", "StringManipulation\StringManipulation.csproj", "{8927E3BD-F3C2-4839-BF68-0E15A2D1E418}"
EndProject
Project("{9A19103F-16F7-4668-BE54-9A1E7A4F7556}") = "StringManipulationHomework", "StringManipulationHomework\StringManipulationHomework.csproj", "{83E611D9-8CE9-4796-85ED-D08BCCAEBA5B}"
EndProject
Project("{9A19103F-16F7-4668-BE54-9A1E7A4F7556}") = "Collections", "Collections\Collections.csproj", "{38465E7F-8358-456D-81FB-EB5FC7DA2B55}"
EndProject
Project("{FAE04EC0-301F-11D3-BF4B-00C04F79EFBC}") = "CollectionsHomework", "CollectionsHomework\CollectionsHomework.csproj", "{06A4B739-010F-488B-8836-6F2C6F27C559}"
EndProject
Global
	GlobalSection(SolutionConfigurationPlatforms) = preSolution
		Debug|Any CPU = Debug|Any CPU
		Release|Any CPU = Release|Any CPU
	EndGlobalSection
	GlobalSection(ProjectConfigurationPlatforms) = postSolution
		{AC1AFF34-A49A-4DCB-8FE6-5C11773093F4}.Debug|Any CPU.ActiveCfg = Debug|Any CPU
		{AC1AFF34-A49A-4DCB-8FE6-5C11773093F4}.Debug|Any CPU.Build.0 = Debug|Any CPU
		{AC1AFF34-A49A-4DCB-8FE6-5C11773093F4}.Release|Any CPU.ActiveCfg = Release|Any CPU
		{AC1AFF34-A49A-4DCB-8FE6-5C11773093F4}.Release|Any CPU.Build.0 = Release|Any CPU
		{8927E3BD-F3C2-4839-BF68-0E15A2D1E418}.Debug|Any CPU.ActiveCfg = Debug|Any CPU
		{8927E3BD-F3C2-4839-BF68-0E15A2D1E418}.Debug|Any CPU.Build.0 = Debug|Any CPU
		{8927E3BD-F3C2-4839-BF68-0E15A2D1E418}.Release|Any CPU.ActiveCfg = Release|Any CPU
		{8927E3BD-F3C2-4839-BF68-0E15A2D1E418}.Release|Any CPU.Build.0 = Release|Any CPU
		{83E611D9-8CE9-4796-85ED-D08BCCAEBA5B}.Debug|Any CPU.ActiveCfg = Debug|Any CPU
		{83E611D9-8CE9-4796-85ED-D08BCCAEBA5B}.Debug|Any CPU.Build.0 = Debug|Any CPU
		{83E611D9-8CE9-4796-85ED-D08BCCAEBA5B}.Release|Any CPU.ActiveCfg = Release|Any CPU
		{83E611D9-8CE9-4796-85ED-D08BCCAEBA5B}.Release|Any CPU.Build.0 = Release|Any CPU
		{38465E7F-8358-456D-81FB-EB5FC7DA2B55}.Debug|Any CPU.ActiveCfg = Debug|Any CPU
		{38465E7F-8358-456D-81FB-EB5FC7DA2B55}.Debug|Any CPU.Build.0 = Debug|Any CPU
		{38465E7F-8358-456D-81FB-EB5FC7DA2B55}.Release|Any CPU.ActiveCfg = Release|Any CPU
		{38465E7F-8358-456D-81FB-EB5FC7DA2B55}.Release|Any CPU.Build.0 = Release|Any CPU
		{06A4B739-010F-488B-8836-6F2C6F27C559}.Debug|Any CPU.ActiveCfg = Debug|Any CPU
		{06A4B739-010F-488B-8836-6F2C6F27C559}.Debug|Any CPU.Build.0 = Debug|Any CPU
		{06A4B739-010F-488B-8836-6F2C6F27C559}.Release|Any CPU.ActiveCfg = Release|Any CPU
		{06A4B739-010F-488B-8836-6F2C6F27C559}.Release|Any CPU.Build.0 = Release|Any CPU
	EndGlobalSection
	GlobalSection(SolutionProperties) = preSolution
		HideSolutionNode = FALSE
	EndGlobalSection
	GlobalSection(ExtensibilityGlobals) = postSolution
		SolutionGuid = {58D2E656-30F3-4524-8348-F181295E74A3}
	EndGlobalSection
EndGlobal
